
Microsoft Visual Studio Solution File, Format Version 12.00
# Visual Studio Version 17
VisualStudioVersion = 17.0.31903.59
MinimumVisualStudioVersion = 10.0.40219.1
Project("{FAE04EC0-301F-11D3-BF4B-00C04F79EFBC}") = "PrimeService", "PrimeService\PrimeService.csproj", "{3B317031-4AEE-4B12-989B-C90E71BBD9A9}"
EndProject
Project("{FAE04EC0-301F-11D3-BF4B-00C04F79EFBC}") = "PrimeService.Tests", "PrimeService.Tests\PrimeService.Tests.csproj", "{A327F95B-3446-4675-B90E-DA2C4AC05085}"
EndProject
Global
	GlobalSection(SolutionConfigurationPlatforms) = preSolution
		Debug|Any CPU = Debug|Any CPU
		Release|Any CPU = Release|Any CPU
	EndGlobalSection
	GlobalSection(SolutionProperties) = preSolution
		HideSolutionNode = FALSE
	EndGlobalSection
	GlobalSection(ProjectConfigurationPlatforms) = postSolution
		{3B317031-4AEE-4B12-989B-C90E71BBD9A9}.Debug|Any CPU.ActiveCfg = Debug|Any CPU
		{3B317031-4AEE-4B12-989B-C90E71BBD9A9}.Debug|Any CPU.Build.0 = Debug|Any CPU
		{3B317031-4AEE-4B12-989B-C90E71BBD9A9}.Release|Any CPU.ActiveCfg = Release|Any CPU
		{3B317031-4AEE-4B12-989B-C90E71BBD9A9}.Release|Any CPU.Build.0 = Release|Any CPU
		{A327F95B-3446-4675-B90E-DA2C4AC05085}.Debug|Any CPU.ActiveCfg = Debug|Any CPU
		{A327F95B-3446-4675-B90E-DA2C4AC05085}.Debug|Any CPU.Build.0 = Debug|Any CPU
		{A327F95B-3446-4675-B90E-DA2C4AC05085}.Release|Any CPU.ActiveCfg = Release|Any CPU
		{A327F95B-3446-4675-B90E-DA2C4AC05085}.Release|Any CPU.Build.0 = Release|Any CPU
	EndGlobalSection
EndGlobal
